// !$*UTF8*$!
{
	archiveVersion = 1;
	classes = {
	};
	objectVersion = 50;
	objects = {

/* Begin PBXBuildFile section */
		350433E32227C12D00BA1DFA /* AppDelegate.swift in Sources */ = {isa = PBXBuildFile; fileRef = 350433E22227C12D00BA1DFA /* AppDelegate.swift */; };
		350433E52227C12D00BA1DFA /* LoginViewController.swift in Sources */ = {isa = PBXBuildFile; fileRef = 350433E42227C12D00BA1DFA /* LoginViewController.swift */; };
		350433E82227C12D00BA1DFA /* Main.storyboard in Resources */ = {isa = PBXBuildFile; fileRef = 350433E62227C12D00BA1DFA /* Main.storyboard */; };
		350433EA2227C12F00BA1DFA /* Assets.xcassets in Resources */ = {isa = PBXBuildFile; fileRef = 350433E92227C12F00BA1DFA /* Assets.xcassets */; };
		350433ED2227C12F00BA1DFA /* LaunchScreen.storyboard in Resources */ = {isa = PBXBuildFile; fileRef = 350433EB2227C12F00BA1DFA /* LaunchScreen.storyboard */; };
		35638F1C2228F2D900CD8506 /* Validators.swift in Sources */ = {isa = PBXBuildFile; fileRef = 35638F1B2228F2D900CD8506 /* Validators.swift */; };
		35638F1E2228F49200CD8506 /* UITextField+Extensions.swift in Sources */ = {isa = PBXBuildFile; fileRef = 35638F1D2228F49200CD8506 /* UITextField+Extensions.swift */; };
		35638F24222909E600CD8506 /* HomeViewController.swift in Sources */ = {isa = PBXBuildFile; fileRef = 35638F23222909E600CD8506 /* HomeViewController.swift */; };
		3565EA20222927B800E54F22 /* MenuViewController.swift in Sources */ = {isa = PBXBuildFile; fileRef = 3565EA1E222927B800E54F22 /* MenuViewController.swift */; };
		3565EA2422293D2200E54F22 /* AccountViewController.swift in Sources */ = {isa = PBXBuildFile; fileRef = 3565EA2322293D2200E54F22 /* AccountViewController.swift */; };
		3565EA2622293D2E00E54F22 /* LibraryViewController.swift in Sources */ = {isa = PBXBuildFile; fileRef = 3565EA2522293D2E00E54F22 /* LibraryViewController.swift */; };
		3565EA2822293D3C00E54F22 /* PlaylistsViewController.swift in Sources */ = {isa = PBXBuildFile; fileRef = 3565EA2722293D3C00E54F22 /* PlaylistsViewController.swift */; };
		3565EA2A22293D4800E54F22 /* PlayersViewController.swift in Sources */ = {isa = PBXBuildFile; fileRef = 3565EA2922293D4800E54F22 /* PlayersViewController.swift */; };
		3565EA2C22293D5800E54F22 /* RealtimeViewController.swift in Sources */ = {isa = PBXBuildFile; fileRef = 3565EA2B22293D5800E54F22 /* RealtimeViewController.swift */; };
		3565EA2E22293D6600E54F22 /* UpgradeViewController.swift in Sources */ = {isa = PBXBuildFile; fileRef = 3565EA2D22293D6600E54F22 /* UpgradeViewController.swift */; };
		358F39652227E3E400EECB43 /* SignUpViewController.swift in Sources */ = {isa = PBXBuildFile; fileRef = 358F39642227E3E400EECB43 /* SignUpViewController.swift */; };
		35B877C0222CFD4000DC75CE /* LibraryListViewController.swift in Sources */ = {isa = PBXBuildFile; fileRef = 35B877BF222CFD4000DC75CE /* LibraryListViewController.swift */; };
		35B877C2222CFD6A00DC75CE /* PlaylistsListViewController.swift in Sources */ = {isa = PBXBuildFile; fileRef = 35B877C1222CFD6A00DC75CE /* PlaylistsListViewController.swift */; };
		35B877C4222CFD7E00DC75CE /* PlayersListViewController.swift in Sources */ = {isa = PBXBuildFile; fileRef = 35B877C3222CFD7E00DC75CE /* PlayersListViewController.swift */; };
		35FE5568222D1789002C2086 /* LibraryModel.swift in Sources */ = {isa = PBXBuildFile; fileRef = 35FE5567222D1789002C2086 /* LibraryModel.swift */; };
		35FE5572222E46AD002C2086 /* XOGO.xcdatamodeld in Sources */ = {isa = PBXBuildFile; fileRef = 35FE5570222E46AD002C2086 /* XOGO.xcdatamodeld */; };
		35FE5574222E5619002C2086 /* LibraryListTableViewCell.swift in Sources */ = {isa = PBXBuildFile; fileRef = 35FE5573222E5619002C2086 /* LibraryListTableViewCell.swift */; };
/* End PBXBuildFile section */

/* Begin PBXFileReference section */
		350433DF2227C12D00BA1DFA /* XOGO.app */ = {isa = PBXFileReference; explicitFileType = wrapper.application; includeInIndex = 0; path = XOGO.app; sourceTree = BUILT_PRODUCTS_DIR; };
		350433E22227C12D00BA1DFA /* AppDelegate.swift */ = {isa = PBXFileReference; lastKnownFileType = sourcecode.swift; path = AppDelegate.swift; sourceTree = "<group>"; };
		350433E42227C12D00BA1DFA /* LoginViewController.swift */ = {isa = PBXFileReference; lastKnownFileType = sourcecode.swift; path = LoginViewController.swift; sourceTree = "<group>"; };
		350433E72227C12D00BA1DFA /* Base */ = {isa = PBXFileReference; lastKnownFileType = file.storyboard; name = Base; path = Base.lproj/Main.storyboard; sourceTree = "<group>"; };
		350433E92227C12F00BA1DFA /* Assets.xcassets */ = {isa = PBXFileReference; lastKnownFileType = folder.assetcatalog; path = Assets.xcassets; sourceTree = "<group>"; };
		350433EC2227C12F00BA1DFA /* Base */ = {isa = PBXFileReference; lastKnownFileType = file.storyboard; name = Base; path = Base.lproj/LaunchScreen.storyboard; sourceTree = "<group>"; };
		350433EE2227C12F00BA1DFA /* Info.plist */ = {isa = PBXFileReference; lastKnownFileType = text.plist.xml; path = Info.plist; sourceTree = "<group>"; };
		35638F1B2228F2D900CD8506 /* Validators.swift */ = {isa = PBXFileReference; fileEncoding = 4; lastKnownFileType = sourcecode.swift; path = Validators.swift; sourceTree = "<group>"; };
		35638F1D2228F49200CD8506 /* UITextField+Extensions.swift */ = {isa = PBXFileReference; fileEncoding = 4; lastKnownFileType = sourcecode.swift; path = "UITextField+Extensions.swift"; sourceTree = "<group>"; };
		35638F23222909E600CD8506 /* HomeViewController.swift */ = {isa = PBXFileReference; lastKnownFileType = sourcecode.swift; path = HomeViewController.swift; sourceTree = "<group>"; };
		3565EA1E222927B800E54F22 /* MenuViewController.swift */ = {isa = PBXFileReference; fileEncoding = 4; lastKnownFileType = sourcecode.swift; path = MenuViewController.swift; sourceTree = "<group>"; };
		3565EA2322293D2200E54F22 /* AccountViewController.swift */ = {isa = PBXFileReference; lastKnownFileType = sourcecode.swift; path = AccountViewController.swift; sourceTree = "<group>"; };
		3565EA2522293D2E00E54F22 /* LibraryViewController.swift */ = {isa = PBXFileReference; lastKnownFileType = sourcecode.swift; path = LibraryViewController.swift; sourceTree = "<group>"; };
		3565EA2722293D3C00E54F22 /* PlaylistsViewController.swift */ = {isa = PBXFileReference; lastKnownFileType = sourcecode.swift; path = PlaylistsViewController.swift; sourceTree = "<group>"; };
		3565EA2922293D4800E54F22 /* PlayersViewController.swift */ = {isa = PBXFileReference; lastKnownFileType = sourcecode.swift; path = PlayersViewController.swift; sourceTree = "<group>"; };
		3565EA2B22293D5800E54F22 /* RealtimeViewController.swift */ = {isa = PBXFileReference; lastKnownFileType = sourcecode.swift; path = RealtimeViewController.swift; sourceTree = "<group>"; };
		3565EA2D22293D6600E54F22 /* UpgradeViewController.swift */ = {isa = PBXFileReference; lastKnownFileType = sourcecode.swift; path = UpgradeViewController.swift; sourceTree = "<group>"; };
		358F39642227E3E400EECB43 /* SignUpViewController.swift */ = {isa = PBXFileReference; lastKnownFileType = sourcecode.swift; path = SignUpViewController.swift; sourceTree = "<group>"; };
		35B877BF222CFD4000DC75CE /* LibraryListViewController.swift */ = {isa = PBXFileReference; lastKnownFileType = sourcecode.swift; path = LibraryListViewController.swift; sourceTree = "<group>"; };
		35B877C1222CFD6A00DC75CE /* PlaylistsListViewController.swift */ = {isa = PBXFileReference; lastKnownFileType = sourcecode.swift; path = PlaylistsListViewController.swift; sourceTree = "<group>"; };
		35B877C3222CFD7E00DC75CE /* PlayersListViewController.swift */ = {isa = PBXFileReference; lastKnownFileType = sourcecode.swift; path = PlayersListViewController.swift; sourceTree = "<group>"; };
		35FE5567222D1789002C2086 /* LibraryModel.swift */ = {isa = PBXFileReference; lastKnownFileType = sourcecode.swift; path = LibraryModel.swift; sourceTree = "<group>"; };
		35FE5571222E46AD002C2086 /* XOGO.xcdatamodel */ = {isa = PBXFileReference; lastKnownFileType = wrapper.xcdatamodel; path = XOGO.xcdatamodel; sourceTree = "<group>"; };
		35FE5573222E5619002C2086 /* LibraryListTableViewCell.swift */ = {isa = PBXFileReference; lastKnownFileType = sourcecode.swift; path = LibraryListTableViewCell.swift; sourceTree = "<group>"; };
/* End PBXFileReference section */

/* Begin PBXFrameworksBuildPhase section */
		350433DC2227C12D00BA1DFA /* Frameworks */ = {
			isa = PBXFrameworksBuildPhase;
			buildActionMask = 2147483647;
			files = (
			);
			runOnlyForDeploymentPostprocessing = 0;
		};
/* End PBXFrameworksBuildPhase section */

/* Begin PBXGroup section */
		350433D62227C12D00BA1DFA = {
			isa = PBXGroup;
			children = (
				350433E12227C12D00BA1DFA /* XOGO */,
				350433E02227C12D00BA1DFA /* Products */,
			);
			sourceTree = "<group>";
		};
		350433E02227C12D00BA1DFA /* Products */ = {
			isa = PBXGroup;
			children = (
				350433DF2227C12D00BA1DFA /* XOGO.app */,
			);
			name = Products;
			sourceTree = "<group>";
		};
		350433E12227C12D00BA1DFA /* XOGO */ = {
			isa = PBXGroup;
			children = (
				35FE5575222E5624002C2086 /* Cells */,
				3565EA2222293CEE00E54F22 /* SideMenuViewControllers */,
				3565EA2122293CDD00E54F22 /* HomeViewController */,
				35638F222228FCFD00CD8506 /* SignInAndSignUp */,
				350433E22227C12D00BA1DFA /* AppDelegate.swift */,
				35FE5567222D1789002C2086 /* LibraryModel.swift */,
				350433E62227C12D00BA1DFA /* Main.storyboard */,
				350433E92227C12F00BA1DFA /* Assets.xcassets */,
				350433EB2227C12F00BA1DFA /* LaunchScreen.storyboard */,
				35FE5570222E46AD002C2086 /* XOGO.xcdatamodeld */,
				350433EE2227C12F00BA1DFA /* Info.plist */,
			);
			path = XOGO;
			sourceTree = "<group>";
		};
		35638F212228FC8000CD8506 /* Validator */ = {
			isa = PBXGroup;
			children = (
				35638F1B2228F2D900CD8506 /* Validators.swift */,
				35638F1D2228F49200CD8506 /* UITextField+Extensions.swift */,
			);
			path = Validator;
			sourceTree = "<group>";
		};
		35638F222228FCFD00CD8506 /* SignInAndSignUp */ = {
			isa = PBXGroup;
			children = (
				350433E42227C12D00BA1DFA /* LoginViewController.swift */,
				358F39642227E3E400EECB43 /* SignUpViewController.swift */,
				35638F212228FC8000CD8506 /* Validator */,
			);
			path = SignInAndSignUp;
			sourceTree = "<group>";
		};
		3565EA2122293CDD00E54F22 /* HomeViewController */ = {
			isa = PBXGroup;
			children = (
				35638F23222909E600CD8506 /* HomeViewController.swift */,
				3565EA1E222927B800E54F22 /* MenuViewController.swift */,
			);
			path = HomeViewController;
			sourceTree = "<group>";
		};
		3565EA2222293CEE00E54F22 /* SideMenuViewControllers */ = {
			isa = PBXGroup;
			children = (
				35B877BF222CFD4000DC75CE /* LibraryListViewController.swift */,
				35B877C1222CFD6A00DC75CE /* PlaylistsListViewController.swift */,
				35B877C3222CFD7E00DC75CE /* PlayersListViewController.swift */,
				3565EA2922293D4800E54F22 /* PlayersViewController.swift */,
				3565EA2322293D2200E54F22 /* AccountViewController.swift */,
				3565EA2522293D2E00E54F22 /* LibraryViewController.swift */,
				3565EA2722293D3C00E54F22 /* PlaylistsViewController.swift */,
				3565EA2B22293D5800E54F22 /* RealtimeViewController.swift */,
				3565EA2D22293D6600E54F22 /* UpgradeViewController.swift */,
			);
			path = SideMenuViewControllers;
			sourceTree = "<group>";
		};
		35FE5575222E5624002C2086 /* Cells */ = {
			isa = PBXGroup;
			children = (
				35FE5573222E5619002C2086 /* LibraryListTableViewCell.swift */,
			);
			path = Cells;
			sourceTree = "<group>";
		};
/* End PBXGroup section */

/* Begin PBXNativeTarget section */
		350433DE2227C12D00BA1DFA /* XOGO */ = {
			isa = PBXNativeTarget;
			buildConfigurationList = 350433F12227C12F00BA1DFA /* Build configuration list for PBXNativeTarget "XOGO" */;
			buildPhases = (
				350433DB2227C12D00BA1DFA /* Sources */,
				350433DC2227C12D00BA1DFA /* Frameworks */,
				350433DD2227C12D00BA1DFA /* Resources */,
			);
			buildRules = (
			);
			dependencies = (
			);
			name = XOGO;
			productName = XOGO;
			productReference = 350433DF2227C12D00BA1DFA /* XOGO.app */;
			productType = "com.apple.product-type.application";
		};
/* End PBXNativeTarget section */

/* Begin PBXProject section */
		350433D72227C12D00BA1DFA /* Project object */ = {
			isa = PBXProject;
			attributes = {
				LastSwiftUpdateCheck = 1010;
				LastUpgradeCheck = 1010;
				ORGANIZATIONNAME = clarionTechnologies;
				TargetAttributes = {
					350433DE2227C12D00BA1DFA = {
						CreatedOnToolsVersion = 10.1;
					};
				};
			};
			buildConfigurationList = 350433DA2227C12D00BA1DFA /* Build configuration list for PBXProject "XOGO" */;
			compatibilityVersion = "Xcode 9.3";
			developmentRegion = en;
			hasScannedForEncodings = 0;
			knownRegions = (
				en,
				Base,
			);
			mainGroup = 350433D62227C12D00BA1DFA;
			productRefGroup = 350433E02227C12D00BA1DFA /* Products */;
			projectDirPath = "";
			projectRoot = "";
			targets = (
				350433DE2227C12D00BA1DFA /* XOGO */,
			);
		};
/* End PBXProject section */

/* Begin PBXResourcesBuildPhase section */
		350433DD2227C12D00BA1DFA /* Resources */ = {
			isa = PBXResourcesBuildPhase;
			buildActionMask = 2147483647;
			files = (
				350433ED2227C12F00BA1DFA /* LaunchScreen.storyboard in Resources */,
				350433EA2227C12F00BA1DFA /* Assets.xcassets in Resources */,
				350433E82227C12D00BA1DFA /* Main.storyboard in Resources */,
			);
			runOnlyForDeploymentPostprocessing = 0;
		};
/* End PBXResourcesBuildPhase section */

/* Begin PBXSourcesBuildPhase section */
		350433DB2227C12D00BA1DFA /* Sources */ = {
			isa = PBXSourcesBuildPhase;
			buildActionMask = 2147483647;
			files = (
				3565EA2822293D3C00E54F22 /* PlaylistsViewController.swift in Sources */,
				35638F1C2228F2D900CD8506 /* Validators.swift in Sources */,
				358F39652227E3E400EECB43 /* SignUpViewController.swift in Sources */,
				3565EA2A22293D4800E54F22 /* PlayersViewController.swift in Sources */,
				35FE5568222D1789002C2086 /* LibraryModel.swift in Sources */,
				35FE5574222E5619002C2086 /* LibraryListTableViewCell.swift in Sources */,
				3565EA2422293D2200E54F22 /* AccountViewController.swift in Sources */,
				35B877C4222CFD7E00DC75CE /* PlayersListViewController.swift in Sources */,
				35B877C2222CFD6A00DC75CE /* PlaylistsListViewController.swift in Sources */,
				3565EA2C22293D5800E54F22 /* RealtimeViewController.swift in Sources */,
				350433E52227C12D00BA1DFA /* LoginViewController.swift in Sources */,
				35638F1E2228F49200CD8506 /* UITextField+Extensions.swift in Sources */,
				35B877C0222CFD4000DC75CE /* LibraryListViewController.swift in Sources */,
				35FE5572222E46AD002C2086 /* XOGO.xcdatamodeld in Sources */,
				350433E32227C12D00BA1DFA /* AppDelegate.swift in Sources */,
				35638F24222909E600CD8506 /* HomeViewController.swift in Sources */,
				3565EA2E22293D6600E54F22 /* UpgradeViewController.swift in Sources */,
				3565EA2622293D2E00E54F22 /* LibraryViewController.swift in Sources */,
				3565EA20222927B800E54F22 /* MenuViewController.swift in Sources */,
			);
			runOnlyForDeploymentPostprocessing = 0;
		};
/* End PBXSourcesBuildPhase section */

/* Begin PBXVariantGroup section */
		350433E62227C12D00BA1DFA /* Main.storyboard */ = {
			isa = PBXVariantGroup;
			children = (
				350433E72227C12D00BA1DFA /* Base */,
			);
			name = Main.storyboard;
			sourceTree = "<group>";
		};
		350433EB2227C12F00BA1DFA /* LaunchScreen.storyboard */ = {
			isa = PBXVariantGroup;
			children = (
				350433EC2227C12F00BA1DFA /* Base */,
			);
			name = LaunchScreen.storyboard;
			sourceTree = "<group>";
		};
/* End PBXVariantGroup section */

/* Begin XCBuildConfiguration section */
		350433EF2227C12F00BA1DFA /* Debug */ = {
			isa = XCBuildConfiguration;
			buildSettings = {
				ALWAYS_SEARCH_USER_PATHS = NO;
				CLANG_ANALYZER_NONNULL = YES;
				CLANG_ANALYZER_NUMBER_OBJECT_CONVERSION = YES_AGGRESSIVE;
				CLANG_CXX_LANGUAGE_STANDARD = "gnu++14";
				CLANG_CXX_LIBRARY = "libc++";
				CLANG_ENABLE_MODULES = YES;
				CLANG_ENABLE_OBJC_ARC = YES;
				CLANG_ENABLE_OBJC_WEAK = YES;
				CLANG_WARN_BLOCK_CAPTURE_AUTORELEASING = YES;
				CLANG_WARN_BOOL_CONVERSION = YES;
				CLANG_WARN_COMMA = YES;
				CLANG_WARN_CONSTANT_CONVERSION = YES;
				CLANG_WARN_DEPRECATED_OBJC_IMPLEMENTATIONS = YES;
				CLANG_WARN_DIRECT_OBJC_ISA_USAGE = YES_ERROR;
				CLANG_WARN_DOCUMENTATION_COMMENTS = YES;
				CLANG_WARN_EMPTY_BODY = YES;
				CLANG_WARN_ENUM_CONVERSION = YES;
				CLANG_WARN_INFINITE_RECURSION = YES;
				CLANG_WARN_INT_CONVERSION = YES;
				CLANG_WARN_NON_LITERAL_NULL_CONVERSION = YES;
				CLANG_WARN_OBJC_IMPLICIT_RETAIN_SELF = YES;
				CLANG_WARN_OBJC_LITERAL_CONVERSION = YES;
				CLANG_WARN_OBJC_ROOT_CLASS = YES_ERROR;
				CLANG_WARN_RANGE_LOOP_ANALYSIS = YES;
				CLANG_WARN_STRICT_PROTOTYPES = YES;
				CLANG_WARN_SUSPICIOUS_MOVE = YES;
				CLANG_WARN_UNGUARDED_AVAILABILITY = YES_AGGRESSIVE;
				CLANG_WARN_UNREACHABLE_CODE = YES;
				CLANG_WARN__DUPLICATE_METHOD_MATCH = YES;
				CODE_SIGN_IDENTITY = "iPhone Developer";
				COPY_PHASE_STRIP = NO;
				DEBUG_INFORMATION_FORMAT = dwarf;
				ENABLE_STRICT_OBJC_MSGSEND = YES;
				ENABLE_TESTABILITY = YES;
				GCC_C_LANGUAGE_STANDARD = gnu11;
				GCC_DYNAMIC_NO_PIC = NO;
				GCC_NO_COMMON_BLOCKS = YES;
				GCC_OPTIMIZATION_LEVEL = 0;
				GCC_PREPROCESSOR_DEFINITIONS = (
					"DEBUG=1",
					"$(inherited)",
				);
				GCC_WARN_64_TO_32_BIT_CONVERSION = YES;
				GCC_WARN_ABOUT_RETURN_TYPE = YES_ERROR;
				GCC_WARN_UNDECLARED_SELECTOR = YES;
				GCC_WARN_UNINITIALIZED_AUTOS = YES_AGGRESSIVE;
				GCC_WARN_UNUSED_FUNCTION = YES;
				GCC_WARN_UNUSED_VARIABLE = YES;
				IPHONEOS_DEPLOYMENT_TARGET = 12.1;
				MTL_ENABLE_DEBUG_INFO = INCLUDE_SOURCE;
				MTL_FAST_MATH = YES;
				ONLY_ACTIVE_ARCH = YES;
				SDKROOT = iphoneos;
				SWIFT_ACTIVE_COMPILATION_CONDITIONS = DEBUG;
				SWIFT_OPTIMIZATION_LEVEL = "-Onone";
			};
			name = Debug;
		};
		350433F02227C12F00BA1DFA /* Release */ = {
			isa = XCBuildConfiguration;
			buildSettings = {
				ALWAYS_SEARCH_USER_PATHS = NO;
				CLANG_ANALYZER_NONNULL = YES;
				CLANG_ANALYZER_NUMBER_OBJECT_CONVERSION = YES_AGGRESSIVE;
				CLANG_CXX_LANGUAGE_STANDARD = "gnu++14";
				CLANG_CXX_LIBRARY = "libc++";
				CLANG_ENABLE_MODULES = YES;
				CLANG_ENABLE_OBJC_ARC = YES;
				CLANG_ENABLE_OBJC_WEAK = YES;
				CLANG_WARN_BLOCK_CAPTURE_AUTORELEASING = YES;
				CLANG_WARN_BOOL_CONVERSION = YES;
				CLANG_WARN_COMMA = YES;
				CLANG_WARN_CONSTANT_CONVERSION = YES;
				CLANG_WARN_DEPRECATED_OBJC_IMPLEMENTATIONS = YES;
				CLANG_WARN_DIRECT_OBJC_ISA_USAGE = YES_ERROR;
				CLANG_WARN_DOCUMENTATION_COMMENTS = YES;
				CLANG_WARN_EMPTY_BODY = YES;
				CLANG_WARN_ENUM_CONVERSION = YES;
				CLANG_WARN_INFINITE_RECURSION = YES;
				CLANG_WARN_INT_CONVERSION = YES;
				CLANG_WARN_NON_LITERAL_NULL_CONVERSION = YES;
				CLANG_WARN_OBJC_IMPLICIT_RETAIN_SELF = YES;
				CLANG_WARN_OBJC_LITERAL_CONVERSION = YES;
				CLANG_WARN_OBJC_ROOT_CLASS = YES_ERROR;
				CLANG_WARN_RANGE_LOOP_ANALYSIS = YES;
				CLANG_WARN_STRICT_PROTOTYPES = YES;
				CLANG_WARN_SUSPICIOUS_MOVE = YES;
				CLANG_WARN_UNGUARDED_AVAILABILITY = YES_AGGRESSIVE;
				CLANG_WARN_UNREACHABLE_CODE = YES;
				CLANG_WARN__DUPLICATE_METHOD_MATCH = YES;
				CODE_SIGN_IDENTITY = "iPhone Developer";
				COPY_PHASE_STRIP = NO;
				DEBUG_INFORMATION_FORMAT = "dwarf-with-dsym";
				ENABLE_NS_ASSERTIONS = NO;
				ENABLE_STRICT_OBJC_MSGSEND = YES;
				GCC_C_LANGUAGE_STANDARD = gnu11;
				GCC_NO_COMMON_BLOCKS = YES;
				GCC_WARN_64_TO_32_BIT_CONVERSION = YES;
				GCC_WARN_ABOUT_RETURN_TYPE = YES_ERROR;
				GCC_WARN_UNDECLARED_SELECTOR = YES;
				GCC_WARN_UNINITIALIZED_AUTOS = YES_AGGRESSIVE;
				GCC_WARN_UNUSED_FUNCTION = YES;
				GCC_WARN_UNUSED_VARIABLE = YES;
				IPHONEOS_DEPLOYMENT_TARGET = 12.1;
				MTL_ENABLE_DEBUG_INFO = NO;
				MTL_FAST_MATH = YES;
				SDKROOT = iphoneos;
				SWIFT_COMPILATION_MODE = wholemodule;
				SWIFT_OPTIMIZATION_LEVEL = "-O";
				VALIDATE_PRODUCT = YES;
			};
			name = Release;
		};
		350433F22227C12F00BA1DFA /* Debug */ = {
			isa = XCBuildConfiguration;
			buildSettings = {
				ASSETCATALOG_COMPILER_APPICON_NAME = AppIcon;
				CODE_SIGN_STYLE = Automatic;
				DEVELOPMENT_TEAM = CAQ9WMX6MH;
				INFOPLIST_FILE = XOGO/Info.plist;
				LD_RUNPATH_SEARCH_PATHS = (
					"$(inherited)",
					"@executable_path/Frameworks",
				);
				PRODUCT_BUNDLE_IDENTIFIER = com.clarion.XOGO;
				PRODUCT_NAME = "$(TARGET_NAME)";
				SWIFT_VERSION = 4.2;
				TARGETED_DEVICE_FAMILY = "1,2";
			};
			name = Debug;
		};
		350433F32227C12F00BA1DFA /* Release */ = {
			isa = XCBuildConfiguration;
			buildSettings = {
				ASSETCATALOG_COMPILER_APPICON_NAME = AppIcon;
				CODE_SIGN_STYLE = Automatic;
				DEVELOPMENT_TEAM = CAQ9WMX6MH;
				INFOPLIST_FILE = XOGO/Info.plist;
				LD_RUNPATH_SEARCH_PATHS = (
					"$(inherited)",
					"@executable_path/Frameworks",
				);
				PRODUCT_BUNDLE_IDENTIFIER = com.clarion.XOGO;
				PRODUCT_NAME = "$(TARGET_NAME)";
				SWIFT_VERSION = 4.2;
				TARGETED_DEVICE_FAMILY = "1,2";
			};
			name = Release;
		};
/* End XCBuildConfiguration section */

/* Begin XCConfigurationList section */
		350433DA2227C12D00BA1DFA /* Build configuration list for PBXProject "XOGO" */ = {
			isa = XCConfigurationList;
			buildConfigurations = (
				350433EF2227C12F00BA1DFA /* Debug */,
				350433F02227C12F00BA1DFA /* Release */,
			);
			defaultConfigurationIsVisible = 0;
			defaultConfigurationName = Release;
		};
		350433F12227C12F00BA1DFA /* Build configuration list for PBXNativeTarget "XOGO" */ = {
			isa = XCConfigurationList;
			buildConfigurations = (
				350433F22227C12F00BA1DFA /* Debug */,
				350433F32227C12F00BA1DFA /* Release */,
			);
			defaultConfigurationIsVisible = 0;
			defaultConfigurationName = Release;
		};
/* End XCConfigurationList section */

/* Begin XCVersionGroup section */
		35FE5570222E46AD002C2086 /* XOGO.xcdatamodeld */ = {
			isa = XCVersionGroup;
			children = (
				35FE5571222E46AD002C2086 /* XOGO.xcdatamodel */,
			);
			currentVersion = 35FE5571222E46AD002C2086 /* XOGO.xcdatamodel */;
			name = XOGO.xcdatamodeld;
			path = SideMenuViewControllers/XOGO.xcdatamodeld;
			sourceTree = "<group>";
			versionGroupType = wrapper.xcdatamodel;
		};
/* End XCVersionGroup section */
	};
	rootObject = 350433D72227C12D00BA1DFA /* Project object */;
}
